
Microsoft Visual Studio Solution File, Format Version 12.00
# Visual Studio Version 17
VisualStudioVersion = 17.9.34622.214
MinimumVisualStudioVersion = 10.0.40219.1
Project("{FAE04EC0-301F-11D3-BF4B-00C04F79EFBC}") = "CalculatorApp", "CalculatorApp.csproj", "{54087707-0035-4DB1-B62C-F30369E3D038}"
EndProject
Global
	GlobalSection(SolutionConfigurationPlatforms) = preSolution
		Debug|Any CPU = Debug|Any CPU
		Release|Any CPU = Release|Any CPU
	EndGlobalSection
	GlobalSection(ProjectConfigurationPlatforms) = postSolution
		{54087707-0035-4DB1-B62C-F30369E3D038}.Debug|Any CPU.ActiveCfg = Debug|Any CPU
		{54087707-0035-4DB1-B62C-F30369E3D038}.Debug|Any CPU.Build.0 = Debug|Any CPU
		{54087707-0035-4DB1-B62C-F30369E3D038}.Release|Any CPU.ActiveCfg = Release|Any CPU
		{54087707-0035-4DB1-B62C-F30369E3D038}.Release|Any CPU.Build.0 = Release|Any CPU
	EndGlobalSection
	GlobalSection(SolutionProperties) = preSolution
		HideSolutionNode = FALSE
	EndGlobalSection
	GlobalSection(ExtensibilityGlobals) = postSolution
		SolutionGuid = {9E106A6F-6BE9-4BB0-BE75-3B0A07346A82}
	EndGlobalSection
EndGlobal
